
Microsoft Visual Studio Solution File, Format Version 12.00
# Visual Studio 15
Project("{FAE04EC0-301F-11D3-BF4B-00C04F79EFBC}") = "Assembly-CSharp", "Assembly-CSharp.csproj", "{71304E04-4D70-28AA-CB4E-1D4DA0C56C9E}"
EndProject
Project("{FAE04EC0-301F-11D3-BF4B-00C04F79EFBC}") = "TrueSync", "TrueSync\TrueSync.csproj", "{83ADD2FF-D917-4145-8611-D69B2A21F627}"
EndProject
Global
	GlobalSection(SolutionConfigurationPlatforms) = preSolution
		Debug|Any CPU = Debug|Any CPU
		Release|Any CPU = Release|Any CPU
	EndGlobalSection
	GlobalSection(ProjectConfigurationPlatforms) = postSolution
		{71304E04-4D70-28AA-CB4E-1D4DA0C56C9E}.Debug|Any CPU.ActiveCfg = Debug|Any CPU
		{71304E04-4D70-28AA-CB4E-1D4DA0C56C9E}.Debug|Any CPU.Build.0 = Debug|Any CPU
		{71304E04-4D70-28AA-CB4E-1D4DA0C56C9E}.Release|Any CPU.ActiveCfg = Release|Any CPU
		{71304E04-4D70-28AA-CB4E-1D4DA0C56C9E}.Release|Any CPU.Build.0 = Release|Any CPU
		{83ADD2FF-D917-4145-8611-D69B2A21F627}.Debug|Any CPU.ActiveCfg = Debug|Any CPU
		{83ADD2FF-D917-4145-8611-D69B2A21F627}.Debug|Any CPU.Build.0 = Debug|Any CPU
		{83ADD2FF-D917-4145-8611-D69B2A21F627}.Release|Any CPU.ActiveCfg = Release|Any CPU
		{83ADD2FF-D917-4145-8611-D69B2A21F627}.Release|Any CPU.Build.0 = Release|Any CPU
	EndGlobalSection
	GlobalSection(SolutionProperties) = preSolution
		HideSolutionNode = FALSE
	EndGlobalSection
EndGlobal
